
Microsoft Visual Studio Solution File, Format Version 12.00
# Visual Studio Version 16
VisualStudioVersion = 16.0.31019.35
MinimumVisualStudioVersion = 10.0.40219.1
Project("{9A19103F-16F7-4668-BE54-9A1E7A4F7556}") = "Lesson-4.1", "Lesson-4.1\Lesson-4.1.csproj", "{56397B53-BF2F-4A2C-8DA5-D54C96DF0CCC}"
EndProject
Project("{FAE04EC0-301F-11D3-BF4B-00C04F79EFBC}") = "Lesson-4.2", "Lesson-4.2\Lesson-4.2.csproj", "{601C3A14-34B9-464F-921A-DAE8D5C00A21}"
EndProject
Global
	GlobalSection(SolutionConfigurationPlatforms) = preSolution
		Debug|Any CPU = Debug|Any CPU
		Release|Any CPU = Release|Any CPU
	EndGlobalSection
	GlobalSection(ProjectConfigurationPlatforms) = postSolution
		{56397B53-BF2F-4A2C-8DA5-D54C96DF0CCC}.Debug|Any CPU.ActiveCfg = Debug|Any CPU
		{56397B53-BF2F-4A2C-8DA5-D54C96DF0CCC}.Debug|Any CPU.Build.0 = Debug|Any CPU
		{56397B53-BF2F-4A2C-8DA5-D54C96DF0CCC}.Release|Any CPU.ActiveCfg = Release|Any CPU
		{56397B53-BF2F-4A2C-8DA5-D54C96DF0CCC}.Release|Any CPU.Build.0 = Release|Any CPU
		{601C3A14-34B9-464F-921A-DAE8D5C00A21}.Debug|Any CPU.ActiveCfg = Debug|Any CPU
		{601C3A14-34B9-464F-921A-DAE8D5C00A21}.Debug|Any CPU.Build.0 = Debug|Any CPU
		{601C3A14-34B9-464F-921A-DAE8D5C00A21}.Release|Any CPU.ActiveCfg = Release|Any CPU
		{601C3A14-34B9-464F-921A-DAE8D5C00A21}.Release|Any CPU.Build.0 = Release|Any CPU
	EndGlobalSection
	GlobalSection(SolutionProperties) = preSolution
		HideSolutionNode = FALSE
	EndGlobalSection
	GlobalSection(ExtensibilityGlobals) = postSolution
		SolutionGuid = {319938B5-377F-49FA-9311-9C9FEAE509EA}
	EndGlobalSection
EndGlobal
